<?xml version="1.0" encoding="utf-8"?>
<Project ToolsVersion="4.0" xmlns="http://schemas.microsoft.com/developer/msbuild/2003">
  <ItemGroup>
    <Filter Include="소스 파일">
      <UniqueIdentifier>{4FC737F1-C7A5-4376-A066-2A32D752A2FF}</UniqueIdentifier>
      <Extensions>cpp;c;cc;cxx;c++;def;odl;idl;hpj;bat;asm;asmx</Extensions>
    </Filter>
    <Filter Include="헤더 파일">
      <UniqueIdentifier>{93995380-89BD-4b04-88EB-625FBE52EBFB}</UniqueIdentifier>
      <Extensions>h;hh;hpp;hxx;h++;hm;inl;inc;ipp;xsd</Extensions>
    </Filter>
    <Filter Include="리소스 파일">
      <UniqueIdentifier>{67DA6AB6-F800-4c08-8B7A-83BB121AAD01}</UniqueIdentifier>
      <Extensions>rc;ico;cur;bmp;dlg;rc2;rct;bin;rgs;gif;jpg;jpeg;jpe;resx;tiff;tif;png;wav;mfcribbon-ms</Extensions>
    </Filter>
    <Filter Include="소스 파일\코드업">
      <UniqueIdentifier>{c87b4455-3b54-4be7-b207-96432e0c774f}</UniqueIdentifier>
    </Filter>
    <Filter Include="소스 파일\프로그래머스">
      <UniqueIdentifier>{09ef6650-26ed-479e-9c18-f3789c678e6d}</UniqueIdentifier>
    </Filter>
    <Filter Include="소스 파일\백준">
      <UniqueIdentifier>{3b3a3ec2-038d-4c56-a6aa-288e8b2de766}</UniqueIdentifier>
    </Filter>
    <Filter Include="소스 파일\자료구조">
      <UniqueIdentifier>{b26199f3-a0a9-4afd-b6c6-695ff80b6728}</UniqueIdentifier>
    </Filter>
  </ItemGroup>
  <ItemGroup>
    <ClCompile Include="코드업 1271.c">
      <Filter>소스 파일\코드업</Filter>
    </ClCompile>
    <ClCompile Include="코드업 1265.c">
      <Filter>소스 파일\코드업</Filter>
    </ClCompile>
    <ClCompile Include="코드업 1266.c">
      <Filter>소스 파일\코드업</Filter>
    </ClCompile>
    <ClCompile Include="코드업 1267.c">
      <Filter>소스 파일\코드업</Filter>
    </ClCompile>
    <ClCompile Include="코드업 1268.c">
      <Filter>소스 파일\코드업</Filter>
    </ClCompile>
    <ClCompile Include="두 정수 사이의 합.c">
      <Filter>소스 파일\프로그래머스</Filter>
    </ClCompile>
    <ClCompile Include="약수의 합.c">
      <Filter>소스 파일\프로그래머스</Filter>
    </ClCompile>
    <ClCompile Include="자릿수 더하기.c">
      <Filter>소스 파일\프로그래머스</Filter>
    </ClCompile>
    <ClCompile Include="백준 10869번.c">
      <Filter>소스 파일\백준</Filter>
    </ClCompile>
    <ClCompile Include="코드업 1270.c">
      <Filter>소스 파일\코드업</Filter>
    </ClCompile>
    <ClCompile Include="코드업 1287.c">
      <Filter>소스 파일\코드업</Filter>
    </ClCompile>
    <ClCompile Include="백준 8393.c">
      <Filter>소스 파일\백준</Filter>
    </ClCompile>
    <ClCompile Include="하노이 탑.c">
      <Filter>소스 파일\자료구조</Filter>
    </ClCompile>
    <ClCompile Include="에라토스테네스의 체.c">
      <Filter>소스 파일\자료구조</Filter>
    </ClCompile>
  </ItemGroup>
</Project>